
Microsoft Visual Studio Solution File, Format Version 12.00
# Visual Studio Version 17
VisualStudioVersion = 17.8.34330.188
MinimumVisualStudioVersion = 10.0.40219.1
Project("{FAE04EC0-301F-11D3-BF4B-00C04F79EFBC}") = "Wallet.API", "Wallet.API\Wallet.API.csproj", "{5DF60736-6C49-475E-9EF8-6254D583BFCF}"
EndProject
Project("{FAE04EC0-301F-11D3-BF4B-00C04F79EFBC}") = "Wallet.BL", "Wallet.BL\Wallet.BL.csproj", "{5CC51F17-10B5-4F9A-AE74-6AD8C65C3400}"
EndProject
Project("{FAE04EC0-301F-11D3-BF4B-00C04F79EFBC}") = "Wallet.DTO", "Wallet.DTO\Wallet.DTO.csproj", "{15A649CE-6030-4A7E-9C11-9AE4C12A55F0}"
EndProject
Global
	GlobalSection(SolutionConfigurationPlatforms) = preSolution
		Debug|Any CPU = Debug|Any CPU
		Release|Any CPU = Release|Any CPU
	EndGlobalSection
	GlobalSection(ProjectConfigurationPlatforms) = postSolution
		{5DF60736-6C49-475E-9EF8-6254D583BFCF}.Debug|Any CPU.ActiveCfg = Debug|Any CPU
		{5DF60736-6C49-475E-9EF8-6254D583BFCF}.Debug|Any CPU.Build.0 = Debug|Any CPU
		{5DF60736-6C49-475E-9EF8-6254D583BFCF}.Release|Any CPU.ActiveCfg = Release|Any CPU
		{5DF60736-6C49-475E-9EF8-6254D583BFCF}.Release|Any CPU.Build.0 = Release|Any CPU
		{5CC51F17-10B5-4F9A-AE74-6AD8C65C3400}.Debug|Any CPU.ActiveCfg = Debug|Any CPU
		{5CC51F17-10B5-4F9A-AE74-6AD8C65C3400}.Debug|Any CPU.Build.0 = Debug|Any CPU
		{5CC51F17-10B5-4F9A-AE74-6AD8C65C3400}.Release|Any CPU.ActiveCfg = Release|Any CPU
		{5CC51F17-10B5-4F9A-AE74-6AD8C65C3400}.Release|Any CPU.Build.0 = Release|Any CPU
		{15A649CE-6030-4A7E-9C11-9AE4C12A55F0}.Debug|Any CPU.ActiveCfg = Debug|Any CPU
		{15A649CE-6030-4A7E-9C11-9AE4C12A55F0}.Debug|Any CPU.Build.0 = Debug|Any CPU
		{15A649CE-6030-4A7E-9C11-9AE4C12A55F0}.Release|Any CPU.ActiveCfg = Release|Any CPU
		{15A649CE-6030-4A7E-9C11-9AE4C12A55F0}.Release|Any CPU.Build.0 = Release|Any CPU
	EndGlobalSection
	GlobalSection(SolutionProperties) = preSolution
		HideSolutionNode = FALSE
	EndGlobalSection
	GlobalSection(ExtensibilityGlobals) = postSolution
		SolutionGuid = {5A0C25ED-E34B-4F0A-B7DE-99EAF74DAE58}
	EndGlobalSection
EndGlobal
